
Microsoft Visual Studio Solution File, Format Version 12.00
# Visual Studio 15
VisualStudioVersion = 15.0.28307.852
MinimumVisualStudioVersion = 10.0.40219.1
Project("{8BC9CEB8-8B4A-11D0-8D11-00A0C91BC942}") = "Luxumbra", "Luxumbra\Luxumbra.vcxproj", "{2E19225C-D45D-4A1C-9FF4-536FA7186DD7}"
EndProject
Global
	GlobalSection(SolutionConfigurationPlatforms) = preSolution
		Debug|x64 = Debug|x64
		Debug|x86 = Debug|x86
		Release|x64 = Release|x64
		Release|x86 = Release|x86
	EndGlobalSection
	GlobalSection(ProjectConfigurationPlatforms) = postSolution
		{2E19225C-D45D-4A1C-9FF4-536FA7186DD7}.Debug|x64.ActiveCfg = Debug|x64
		{2E19225C-D45D-4A1C-9FF4-536FA7186DD7}.Debug|x64.Build.0 = Debug|x64
		{2E19225C-D45D-4A1C-9FF4-536FA7186DD7}.Debug|x86.ActiveCfg = Debug|Win32
		{2E19225C-D45D-4A1C-9FF4-536FA7186DD7}.Debug|x86.Build.0 = Debug|Win32
		{2E19225C-D45D-4A1C-9FF4-536FA7186DD7}.Release|x64.ActiveCfg = Release|x64
		{2E19225C-D45D-4A1C-9FF4-536FA7186DD7}.Release|x64.Build.0 = Release|x64
		{2E19225C-D45D-4A1C-9FF4-536FA7186DD7}.Release|x86.ActiveCfg = Release|Win32
		{2E19225C-D45D-4A1C-9FF4-536FA7186DD7}.Release|x86.Build.0 = Release|Win32
	EndGlobalSection
	GlobalSection(SolutionProperties) = preSolution
		HideSolutionNode = FALSE
	EndGlobalSection
	GlobalSection(ExtensibilityGlobals) = postSolution
		SolutionGuid = {906308C7-54C8-4788-B59B-5D19769AF2A5}
	EndGlobalSection
EndGlobal
