<?xml version="1.0" encoding="utf-8"?>
<Project ToolsVersion="4.0" xmlns="http://schemas.microsoft.com/developer/msbuild/2003">
  <ItemGroup>
    <Filter Include="Source Files">
      <UniqueIdentifier>{4FC737F1-C7A5-4376-A066-2A32D752A2FF}</UniqueIdentifier>
      <Extensions>cpp;c;cc;cxx;def;odl;idl;hpj;bat;asm;asmx</Extensions>
    </Filter>
    <Filter Include="Header Files">
      <UniqueIdentifier>{93995380-89BD-4b04-88EB-625FBE52EBFB}</UniqueIdentifier>
      <Extensions>h;hh;hpp;hxx;hm;inl;inc;ipp;xsd</Extensions>
    </Filter>
    <Filter Include="Resource Files">
      <UniqueIdentifier>{67DA6AB6-F800-4c08-8B7A-83BB121AAD01}</UniqueIdentifier>
      <Extensions>rc;ico;cur;bmp;dlg;rc2;rct;bin;rgs;gif;jpg;jpeg;jpe;resx;tiff;tif;png;wav;mfcribbon-ms</Extensions>
    </Filter>
    <Filter Include="Header Files\RHI">
      <UniqueIdentifier>{7b764ac1-d0b3-42b3-8bd0-3cc5db8dc696}</UniqueIdentifier>
    </Filter>
    <Filter Include="Source Files\RHI">
      <UniqueIdentifier>{a668ff6d-60e2-45bd-85a9-968b1d9125a2}</UniqueIdentifier>
    </Filter>
    <Filter Include="Source Files\RHI\Volk">
      <UniqueIdentifier>{8781e80b-7dba-4247-9621-56916e1bd496}</UniqueIdentifier>
    </Filter>
    <Filter Include="Header Files\RHI\Volk">
      <UniqueIdentifier>{2f71b992-0379-41b7-8ba0-6371524a068d}</UniqueIdentifier>
    </Filter>
    <Filter Include="Header Files\Scene">
      <UniqueIdentifier>{8d4db85f-e696-454a-8c10-9baf58329227}</UniqueIdentifier>
    </Filter>
    <Filter Include="Source Files\Scene">
      <UniqueIdentifier>{6634046f-25b1-4e6f-8e93-d65f2ffa2c52}</UniqueIdentifier>
    </Filter>
    <Filter Include="Resource Files\blit">
      <UniqueIdentifier>{f42031fd-70d3-41cc-8c74-672f0054a2c5}</UniqueIdentifier>
    </Filter>
    <Filter Include="Resource Files\triangle">
      <UniqueIdentifier>{050aedd5-974b-421c-a901-66c92e5cfa2d}</UniqueIdentifier>
    </Filter>
  </ItemGroup>
  <ItemGroup>
    <ClCompile Include="source\main.cpp">
      <Filter>Source Files</Filter>
    </ClCompile>
    <ClCompile Include="source\Engine.cpp">
      <Filter>Source Files</Filter>
    </ClCompile>
    <ClCompile Include="source\Window.cpp">
      <Filter>Source Files</Filter>
    </ClCompile>
    <ClCompile Include="source\rhi\RHI.cpp">
      <Filter>Source Files\RHI</Filter>
    </ClCompile>
    <ClCompile Include="..\libs\volk\volk.c">
      <Filter>Source Files\RHI\Volk</Filter>
    </ClCompile>
    <ClCompile Include="source\Utility.cpp">
      <Filter>Source Files</Filter>
    </ClCompile>
    <ClCompile Include="source\Vertex.cpp">
      <Filter>Source Files</Filter>
    </ClCompile>
    <ClCompile Include="source\rhi\RHI_GraphicsPipeline.cpp">
      <Filter>Source Files\RHI</Filter>
    </ClCompile>
    <ClCompile Include="source\rhi\RHI_Buffer.cpp">
      <Filter>Source Files\RHI</Filter>
    </ClCompile>
    <ClCompile Include="source\rhi\RHI_ForwardRenderer.cpp">
      <Filter>Source Files\RHI</Filter>
    </ClCompile>
    <ClCompile Include="source\rhi\RHI_Image.cpp">
      <Filter>Source Files\RHI</Filter>
    </ClCompile>
    <ClCompile Include="source\scene\Scene.cpp">
      <Filter>Source Files\Scene</Filter>
    </ClCompile>
    <ClCompile Include="source\scene\Node.cpp">
      <Filter>Source Files\Scene</Filter>
    </ClCompile>
    <ClCompile Include="source\scene\CameraNode.cpp">
      <Filter>Source Files\Scene</Filter>
    </ClCompile>
  </ItemGroup>
  <ItemGroup>
    <ClInclude Include="include\rhi\RHI.h">
      <Filter>Header Files\RHI</Filter>
    </ClInclude>
    <ClInclude Include="include\Engine.h">
      <Filter>Header Files</Filter>
    </ClInclude>
    <ClInclude Include="include\Window.h">
      <Filter>Header Files</Filter>
    </ClInclude>
    <ClInclude Include="..\libs\volk\volk.h">
      <Filter>Header Files\RHI\Volk</Filter>
    </ClInclude>
    <ClInclude Include="include\Logger.h">
      <Filter>Header Files</Filter>
    </ClInclude>
    <ClInclude Include="include\rhi\LuxVkImpl.h">
      <Filter>Header Files\RHI</Filter>
    </ClInclude>
    <ClInclude Include="include\Luxumbra.h">
      <Filter>Header Files</Filter>
    </ClInclude>
    <ClInclude Include="include\Utility.h">
      <Filter>Header Files</Filter>
    </ClInclude>
    <ClInclude Include="include\rhi\GraphicsPipeline.h">
      <Filter>Header Files\RHI</Filter>
    </ClInclude>
    <ClInclude Include="include\Vertex.h">
      <Filter>Header Files</Filter>
    </ClInclude>
    <ClInclude Include="include\rhi\Buffer.h">
      <Filter>Header Files\RHI</Filter>
    </ClInclude>
    <ClInclude Include="include\rhi\ForwardRenderer.h">
      <Filter>Header Files\RHI</Filter>
    </ClInclude>
    <ClInclude Include="include\rhi\Image.h">
      <Filter>Header Files\RHI</Filter>
    </ClInclude>
    <ClInclude Include="include\scene\Scene.h">
      <Filter>Header Files\Scene</Filter>
    </ClInclude>
    <ClInclude Include="include\scene\Node.h">
      <Filter>Header Files\Scene</Filter>
    </ClInclude>
    <ClInclude Include="include\scene\CameraNode.h">
      <Filter>Header Files\Scene</Filter>
    </ClInclude>
  </ItemGroup>
  <ItemGroup>
    <None Include="include\Logger.inl">
      <Filter>Header Files</Filter>
    </None>
    <None Include="data\shaders\blit\blit.frag">
      <Filter>Resource Files\blit</Filter>
    </None>
    <None Include="data\shaders\blit\blit.vert">
      <Filter>Resource Files\blit</Filter>
    </None>
    <None Include="data\shaders\texture\triangle.frag">
      <Filter>Resource Files\triangle</Filter>
    </None>
    <None Include="data\shaders\texture\triangle.vert">
      <Filter>Resource Files\triangle</Filter>
    </None>
  </ItemGroup>
</Project>